// !$*UTF8*$!
{
	archiveVersion = 1;
	classes = {
	};
	objectVersion = 56;
	objects = {

/* Begin PBXBuildFile section */
		43BFAEBF28F8548500C0CC14 /* BlogAppApp.swift in Sources */ = {isa = PBXBuildFile; fileRef = 43BFAEBE28F8548500C0CC14 /* BlogAppApp.swift */; };
		43BFAEC128F8548500C0CC14 /* ContentView.swift in Sources */ = {isa = PBXBuildFile; fileRef = 43BFAEC028F8548500C0CC14 /* ContentView.swift */; };
		43BFAEC328F8548800C0CC14 /* Assets.xcassets in Resources */ = {isa = PBXBuildFile; fileRef = 43BFAEC228F8548800C0CC14 /* Assets.xcassets */; };
		43BFAEC728F8548800C0CC14 /* Preview Assets.xcassets in Resources */ = {isa = PBXBuildFile; fileRef = 43BFAEC628F8548800C0CC14 /* Preview Assets.xcassets */; };
		43BFAED128F8548800C0CC14 /* BlogAppTests.swift in Sources */ = {isa = PBXBuildFile; fileRef = 43BFAED028F8548800C0CC14 /* BlogAppTests.swift */; };
		43BFAEDB28F8548800C0CC14 /* BlogAppUITests.swift in Sources */ = {isa = PBXBuildFile; fileRef = 43BFAEDA28F8548800C0CC14 /* BlogAppUITests.swift */; };
		43BFAEDD28F8548800C0CC14 /* BlogAppUITestsLaunchTests.swift in Sources */ = {isa = PBXBuildFile; fileRef = 43BFAEDC28F8548800C0CC14 /* BlogAppUITestsLaunchTests.swift */; };
/* End PBXBuildFile section */

/* Begin PBXContainerItemProxy section */
		43BFAECD28F8548800C0CC14 /* PBXContainerItemProxy */ = {
			isa = PBXContainerItemProxy;
			containerPortal = 43BFAEB328F8548500C0CC14 /* Project object */;
			proxyType = 1;
			remoteGlobalIDString = 43BFAEBA28F8548500C0CC14;
			remoteInfo = BlogApp;
		};
		43BFAED728F8548800C0CC14 /* PBXContainerItemProxy */ = {
			isa = PBXContainerItemProxy;
			containerPortal = 43BFAEB328F8548500C0CC14 /* Project object */;
			proxyType = 1;
			remoteGlobalIDString = 43BFAEBA28F8548500C0CC14;
			remoteInfo = BlogApp;
		};
/* End PBXContainerItemProxy section */

/* Begin PBXFileReference section */
		43BFAEBB28F8548500C0CC14 /* BlogApp.app */ = {isa = PBXFileReference; explicitFileType = wrapper.application; includeInIndex = 0; path = BlogApp.app; sourceTree = BUILT_PRODUCTS_DIR; };
		43BFAEBE28F8548500C0CC14 /* BlogAppApp.swift */ = {isa = PBXFileReference; lastKnownFileType = sourcecode.swift; path = BlogAppApp.swift; sourceTree = "<group>"; };
		43BFAEC028F8548500C0CC14 /* ContentView.swift */ = {isa = PBXFileReference; lastKnownFileType = sourcecode.swift; path = ContentView.swift; sourceTree = "<group>"; };
		43BFAEC228F8548800C0CC14 /* Assets.xcassets */ = {isa = PBXFileReference; lastKnownFileType = folder.assetcatalog; path = Assets.xcassets; sourceTree = "<group>"; };
		43BFAEC428F8548800C0CC14 /* BlogApp.entitlements */ = {isa = PBXFileReference; lastKnownFileType = text.plist.entitlements; path = BlogApp.entitlements; sourceTree = "<group>"; };
		43BFAEC628F8548800C0CC14 /* Preview Assets.xcassets */ = {isa = PBXFileReference; lastKnownFileType = folder.assetcatalog; path = "Preview Assets.xcassets"; sourceTree = "<group>"; };
		43BFAECC28F8548800C0CC14 /* BlogAppTests.xctest */ = {isa = PBXFileReference; explicitFileType = wrapper.cfbundle; includeInIndex = 0; path = BlogAppTests.xctest; sourceTree = BUILT_PRODUCTS_DIR; };
		43BFAED028F8548800C0CC14 /* BlogAppTests.swift */ = {isa = PBXFileReference; lastKnownFileType = sourcecode.swift; path = BlogAppTests.swift; sourceTree = "<group>"; };
		43BFAED628F8548800C0CC14 /* BlogAppUITests.xctest */ = {isa = PBXFileReference; explicitFileType = wrapper.cfbundle; includeInIndex = 0; path = BlogAppUITests.xctest; sourceTree = BUILT_PRODUCTS_DIR; };
		43BFAEDA28F8548800C0CC14 /* BlogAppUITests.swift */ = {isa = PBXFileReference; lastKnownFileType = sourcecode.swift; path = BlogAppUITests.swift; sourceTree = "<group>"; };
		43BFAEDC28F8548800C0CC14 /* BlogAppUITestsLaunchTests.swift */ = {isa = PBXFileReference; lastKnownFileType = sourcecode.swift; path = BlogAppUITestsLaunchTests.swift; sourceTree = "<group>"; };
/* End PBXFileReference section */

/* Begin PBXFrameworksBuildPhase section */
		43BFAEB828F8548500C0CC14 /* Frameworks */ = {
			isa = PBXFrameworksBuildPhase;
			buildActionMask = 2147483647;
			files = (
			);
			runOnlyForDeploymentPostprocessing = 0;
		};
		43BFAEC928F8548800C0CC14 /* Frameworks */ = {
			isa = PBXFrameworksBuildPhase;
			buildActionMask = 2147483647;
			files = (
			);
			runOnlyForDeploymentPostprocessing = 0;
		};
		43BFAED328F8548800C0CC14 /* Frameworks */ = {
			isa = PBXFrameworksBuildPhase;
			buildActionMask = 2147483647;
			files = (
			);
			runOnlyForDeploymentPostprocessing = 0;
		};
/* End PBXFrameworksBuildPhase section */

/* Begin PBXGroup section */
		43BFAEB228F8548500C0CC14 = {
			isa = PBXGroup;
			children = (
				43BFAEBD28F8548500C0CC14 /* BlogApp */,
				43BFAECF28F8548800C0CC14 /* BlogAppTests */,
				43BFAED928F8548800C0CC14 /* BlogAppUITests */,
				43BFAEBC28F8548500C0CC14 /* Products */,
			);
			sourceTree = "<group>";
		};
		43BFAEBC28F8548500C0CC14 /* Products */ = {
			isa = PBXGroup;
			children = (
				43BFAEBB28F8548500C0CC14 /* BlogApp.app */,
				43BFAECC28F8548800C0CC14 /* BlogAppTests.xctest */,
				43BFAED628F8548800C0CC14 /* BlogAppUITests.xctest */,
			);
			name = Products;
			sourceTree = "<group>";
		};
		43BFAEBD28F8548500C0CC14 /* BlogApp */ = {
			isa = PBXGroup;
			children = (
				43BFAEBE28F8548500C0CC14 /* BlogAppApp.swift */,
				43BFAEC028F8548500C0CC14 /* ContentView.swift */,
				43BFAEC228F8548800C0CC14 /* Assets.xcassets */,
				43BFAEC428F8548800C0CC14 /* BlogApp.entitlements */,
				43BFAEC528F8548800C0CC14 /* Preview Content */,
			);
			path = BlogApp;
			sourceTree = "<group>";
		};
		43BFAEC528F8548800C0CC14 /* Preview Content */ = {
			isa = PBXGroup;
			children = (
				43BFAEC628F8548800C0CC14 /* Preview Assets.xcassets */,
			);
			path = "Preview Content";
			sourceTree = "<group>";
		};
		43BFAECF28F8548800C0CC14 /* BlogAppTests */ = {
			isa = PBXGroup;
			children = (
				43BFAED028F8548800C0CC14 /* BlogAppTests.swift */,
			);
			path = BlogAppTests;
			sourceTree = "<group>";
		};
		43BFAED928F8548800C0CC14 /* BlogAppUITests */ = {
			isa = PBXGroup;
			children = (
				43BFAEDA28F8548800C0CC14 /* BlogAppUITests.swift */,
				43BFAEDC28F8548800C0CC14 /* BlogAppUITestsLaunchTests.swift */,
			);
			path = BlogAppUITests;
			sourceTree = "<group>";
		};
/* End PBXGroup section */

/* Begin PBXNativeTarget section */
		43BFAEBA28F8548500C0CC14 /* BlogApp */ = {
			isa = PBXNativeTarget;
			buildConfigurationList = 43BFAEE028F8548800C0CC14 /* Build configuration list for PBXNativeTarget "BlogApp" */;
			buildPhases = (
				43BFAEB728F8548500C0CC14 /* Sources */,
				43BFAEB828F8548500C0CC14 /* Frameworks */,
				43BFAEB928F8548500C0CC14 /* Resources */,
			);
			buildRules = (
			);
			dependencies = (
			);
			name = BlogApp;
			productName = BlogApp;
			productReference = 43BFAEBB28F8548500C0CC14 /* BlogApp.app */;
			productType = "com.apple.product-type.application";
		};
		43BFAECB28F8548800C0CC14 /* BlogAppTests */ = {
			isa = PBXNativeTarget;
			buildConfigurationList = 43BFAEE328F8548800C0CC14 /* Build configuration list for PBXNativeTarget "BlogAppTests" */;
			buildPhases = (
				43BFAEC828F8548800C0CC14 /* Sources */,
				43BFAEC928F8548800C0CC14 /* Frameworks */,
				43BFAECA28F8548800C0CC14 /* Resources */,
			);
			buildRules = (
			);
			dependencies = (
				43BFAECE28F8548800C0CC14 /* PBXTargetDependency */,
			);
			name = BlogAppTests;
			productName = BlogAppTests;
			productReference = 43BFAECC28F8548800C0CC14 /* BlogAppTests.xctest */;
			productType = "com.apple.product-type.bundle.unit-test";
		};
		43BFAED528F8548800C0CC14 /* BlogAppUITests */ = {
			isa = PBXNativeTarget;
			buildConfigurationList = 43BFAEE628F8548800C0CC14 /* Build configuration list for PBXNativeTarget "BlogAppUITests" */;
			buildPhases = (
				43BFAED228F8548800C0CC14 /* Sources */,
				43BFAED328F8548800C0CC14 /* Frameworks */,
				43BFAED428F8548800C0CC14 /* Resources */,
			);
			buildRules = (
			);
			dependencies = (
				43BFAED828F8548800C0CC14 /* PBXTargetDependency */,
			);
			name = BlogAppUITests;
			productName = BlogAppUITests;
			productReference = 43BFAED628F8548800C0CC14 /* BlogAppUITests.xctest */;
			productType = "com.apple.product-type.bundle.ui-testing";
		};
/* End PBXNativeTarget section */

/* Begin PBXProject section */
		43BFAEB328F8548500C0CC14 /* Project object */ = {
			isa = PBXProject;
			attributes = {
				BuildIndependentTargetsInParallel = 1;
				LastSwiftUpdateCheck = 1400;
				LastUpgradeCheck = 1400;
				TargetAttributes = {
					43BFAEBA28F8548500C0CC14 = {
						CreatedOnToolsVersion = 14.0.1;
					};
					43BFAECB28F8548800C0CC14 = {
						CreatedOnToolsVersion = 14.0.1;
						TestTargetID = 43BFAEBA28F8548500C0CC14;
					};
					43BFAED528F8548800C0CC14 = {
						CreatedOnToolsVersion = 14.0.1;
						TestTargetID = 43BFAEBA28F8548500C0CC14;
					};
				};
			};
			buildConfigurationList = 43BFAEB628F8548500C0CC14 /* Build configuration list for PBXProject "BlogApp" */;
			compatibilityVersion = "Xcode 14.0";
			developmentRegion = en;
			hasScannedForEncodings = 0;
			knownRegions = (
				en,
				Base,
			);
			mainGroup = 43BFAEB228F8548500C0CC14;
			productRefGroup = 43BFAEBC28F8548500C0CC14 /* Products */;
			projectDirPath = "";
			projectRoot = "";
			targets = (
				43BFAEBA28F8548500C0CC14 /* BlogApp */,
				43BFAECB28F8548800C0CC14 /* BlogAppTests */,
				43BFAED528F8548800C0CC14 /* BlogAppUITests */,
			);
		};
/* End PBXProject section */

/* Begin PBXResourcesBuildPhase section */
		43BFAEB928F8548500C0CC14 /* Resources */ = {
			isa = PBXResourcesBuildPhase;
			buildActionMask = 2147483647;
			files = (
				43BFAEC728F8548800C0CC14 /* Preview Assets.xcassets in Resources */,
				43BFAEC328F8548800C0CC14 /* Assets.xcassets in Resources */,
			);
			runOnlyForDeploymentPostprocessing = 0;
		};
		43BFAECA28F8548800C0CC14 /* Resources */ = {
			isa = PBXResourcesBuildPhase;
			buildActionMask = 2147483647;
			files = (
			);
			runOnlyForDeploymentPostprocessing = 0;
		};
		43BFAED428F8548800C0CC14 /* Resources */ = {
			isa = PBXResourcesBuildPhase;
			buildActionMask = 2147483647;
			files = (
			);
			runOnlyForDeploymentPostprocessing = 0;
		};
/* End PBXResourcesBuildPhase section */

/* Begin PBXSourcesBuildPhase section */
		43BFAEB728F8548500C0CC14 /* Sources */ = {
			isa = PBXSourcesBuildPhase;
			buildActionMask = 2147483647;
			files = (
				43BFAEC128F8548500C0CC14 /* ContentView.swift in Sources */,
				43BFAEBF28F8548500C0CC14 /* BlogAppApp.swift in Sources */,
			);
			runOnlyForDeploymentPostprocessing = 0;
		};
		43BFAEC828F8548800C0CC14 /* Sources */ = {
			isa = PBXSourcesBuildPhase;
			buildActionMask = 2147483647;
			files = (
				43BFAED128F8548800C0CC14 /* BlogAppTests.swift in Sources */,
			);
			runOnlyForDeploymentPostprocessing = 0;
		};
		43BFAED228F8548800C0CC14 /* Sources */ = {
			isa = PBXSourcesBuildPhase;
			buildActionMask = 2147483647;
			files = (
				43BFAEDD28F8548800C0CC14 /* BlogAppUITestsLaunchTests.swift in Sources */,
				43BFAEDB28F8548800C0CC14 /* BlogAppUITests.swift in Sources */,
			);
			runOnlyForDeploymentPostprocessing = 0;
		};
/* End PBXSourcesBuildPhase section */

/* Begin PBXTargetDependency section */
		43BFAECE28F8548800C0CC14 /* PBXTargetDependency */ = {
			isa = PBXTargetDependency;
			target = 43BFAEBA28F8548500C0CC14 /* BlogApp */;
			targetProxy = 43BFAECD28F8548800C0CC14 /* PBXContainerItemProxy */;
		};
		43BFAED828F8548800C0CC14 /* PBXTargetDependency */ = {
			isa = PBXTargetDependency;
			target = 43BFAEBA28F8548500C0CC14 /* BlogApp */;
			targetProxy = 43BFAED728F8548800C0CC14 /* PBXContainerItemProxy */;
		};
/* End PBXTargetDependency section */

/* Begin XCBuildConfiguration section */
		43BFAEDE28F8548800C0CC14 /* Debug */ = {
			isa = XCBuildConfiguration;
			buildSettings = {
				ALWAYS_SEARCH_USER_PATHS = NO;
				CLANG_ANALYZER_NONNULL = YES;
				CLANG_ANALYZER_NUMBER_OBJECT_CONVERSION = YES_AGGRESSIVE;
				CLANG_CXX_LANGUAGE_STANDARD = "gnu++20";
				CLANG_ENABLE_MODULES = YES;
				CLANG_ENABLE_OBJC_ARC = YES;
				CLANG_ENABLE_OBJC_WEAK = YES;
				CLANG_WARN_BLOCK_CAPTURE_AUTORELEASING = YES;
				CLANG_WARN_BOOL_CONVERSION = YES;
				CLANG_WARN_COMMA = YES;
				CLANG_WARN_CONSTANT_CONVERSION = YES;
				CLANG_WARN_DEPRECATED_OBJC_IMPLEMENTATIONS = YES;
				CLANG_WARN_DIRECT_OBJC_ISA_USAGE = YES_ERROR;
				CLANG_WARN_DOCUMENTATION_COMMENTS = YES;
				CLANG_WARN_EMPTY_BODY = YES;
				CLANG_WARN_ENUM_CONVERSION = YES;
				CLANG_WARN_INFINITE_RECURSION = YES;
				CLANG_WARN_INT_CONVERSION = YES;
				CLANG_WARN_NON_LITERAL_NULL_CONVERSION = YES;
				CLANG_WARN_OBJC_IMPLICIT_RETAIN_SELF = YES;
				CLANG_WARN_OBJC_LITERAL_CONVERSION = YES;
				CLANG_WARN_OBJC_ROOT_CLASS = YES_ERROR;
				CLANG_WARN_QUOTED_INCLUDE_IN_FRAMEWORK_HEADER = YES;
				CLANG_WARN_RANGE_LOOP_ANALYSIS = YES;
				CLANG_WARN_STRICT_PROTOTYPES = YES;
				CLANG_WARN_SUSPICIOUS_MOVE = YES;
				CLANG_WARN_UNGUARDED_AVAILABILITY = YES_AGGRESSIVE;
				CLANG_WARN_UNREACHABLE_CODE = YES;
				CLANG_WARN__DUPLICATE_METHOD_MATCH = YES;
				COPY_PHASE_STRIP = NO;
				DEBUG_INFORMATION_FORMAT = dwarf;
				ENABLE_STRICT_OBJC_MSGSEND = YES;
				ENABLE_TESTABILITY = YES;
				GCC_C_LANGUAGE_STANDARD = gnu11;
				GCC_DYNAMIC_NO_PIC = NO;
				GCC_NO_COMMON_BLOCKS = YES;
				GCC_OPTIMIZATION_LEVEL = 0;
				GCC_PREPROCESSOR_DEFINITIONS = (
					"DEBUG=1",
					"$(inherited)",
				);
				GCC_WARN_64_TO_32_BIT_CONVERSION = YES;
				GCC_WARN_ABOUT_RETURN_TYPE = YES_ERROR;
				GCC_WARN_UNDECLARED_SELECTOR = YES;
				GCC_WARN_UNINITIALIZED_AUTOS = YES_AGGRESSIVE;
				GCC_WARN_UNUSED_FUNCTION = YES;
				GCC_WARN_UNUSED_VARIABLE = YES;
				MTL_ENABLE_DEBUG_INFO = INCLUDE_SOURCE;
				MTL_FAST_MATH = YES;
				ONLY_ACTIVE_ARCH = YES;
				SWIFT_ACTIVE_COMPILATION_CONDITIONS = DEBUG;
				SWIFT_OPTIMIZATION_LEVEL = "-Onone";
			};
			name = Debug;
		};
		43BFAEDF28F8548800C0CC14 /* Release */ = {
			isa = XCBuildConfiguration;
			buildSettings = {
				ALWAYS_SEARCH_USER_PATHS = NO;
				CLANG_ANALYZER_NONNULL = YES;
				CLANG_ANALYZER_NUMBER_OBJECT_CONVERSION = YES_AGGRESSIVE;
				CLANG_CXX_LANGUAGE_STANDARD = "gnu++20";
				CLANG_ENABLE_MODULES = YES;
				CLANG_ENABLE_OBJC_ARC = YES;
				CLANG_ENABLE_OBJC_WEAK = YES;
				CLANG_WARN_BLOCK_CAPTURE_AUTORELEASING = YES;
				CLANG_WARN_BOOL_CONVERSION = YES;
				CLANG_WARN_COMMA = YES;
				CLANG_WARN_CONSTANT_CONVERSION = YES;
				CLANG_WARN_DEPRECATED_OBJC_IMPLEMENTATIONS = YES;
				CLANG_WARN_DIRECT_OBJC_ISA_USAGE = YES_ERROR;
				CLANG_WARN_DOCUMENTATION_COMMENTS = YES;
				CLANG_WARN_EMPTY_BODY = YES;
				CLANG_WARN_ENUM_CONVERSION = YES;
				CLANG_WARN_INFINITE_RECURSION = YES;
				CLANG_WARN_INT_CONVERSION = YES;
				CLANG_WARN_NON_LITERAL_NULL_CONVERSION = YES;
				CLANG_WARN_OBJC_IMPLICIT_RETAIN_SELF = YES;
				CLANG_WARN_OBJC_LITERAL_CONVERSION = YES;
				CLANG_WARN_OBJC_ROOT_CLASS = YES_ERROR;
				CLANG_WARN_QUOTED_INCLUDE_IN_FRAMEWORK_HEADER = YES;
				CLANG_WARN_RANGE_LOOP_ANALYSIS = YES;
				CLANG_WARN_STRICT_PROTOTYPES = YES;
				CLANG_WARN_SUSPICIOUS_MOVE = YES;
				CLANG_WARN_UNGUARDED_AVAILABILITY = YES_AGGRESSIVE;
				CLANG_WARN_UNREACHABLE_CODE = YES;
				CLANG_WARN__DUPLICATE_METHOD_MATCH = YES;
				COPY_PHASE_STRIP = NO;
				DEBUG_INFORMATION_FORMAT = "dwarf-with-dsym";
				ENABLE_NS_ASSERTIONS = NO;
				ENABLE_STRICT_OBJC_MSGSEND = YES;
				GCC_C_LANGUAGE_STANDARD = gnu11;
				GCC_NO_COMMON_BLOCKS = YES;
				GCC_WARN_64_TO_32_BIT_CONVERSION = YES;
				GCC_WARN_ABOUT_RETURN_TYPE = YES_ERROR;
				GCC_WARN_UNDECLARED_SELECTOR = YES;
				GCC_WARN_UNINITIALIZED_AUTOS = YES_AGGRESSIVE;
				GCC_WARN_UNUSED_FUNCTION = YES;
				GCC_WARN_UNUSED_VARIABLE = YES;
				MTL_ENABLE_DEBUG_INFO = NO;
				MTL_FAST_MATH = YES;
				SWIFT_COMPILATION_MODE = wholemodule;
				SWIFT_OPTIMIZATION_LEVEL = "-O";
			};
			name = Release;
		};
		43BFAEE128F8548800C0CC14 /* Debug */ = {
			isa = XCBuildConfiguration;
			buildSettings = {
				ASSETCATALOG_COMPILER_APPICON_NAME = AppIcon;
				ASSETCATALOG_COMPILER_GLOBAL_ACCENT_COLOR_NAME = AccentColor;
				CODE_SIGN_ENTITLEMENTS = BlogApp/BlogApp.entitlements;
				CODE_SIGN_STYLE = Automatic;
				CURRENT_PROJECT_VERSION = 1;
				DEVELOPMENT_ASSET_PATHS = "\"BlogApp/Preview Content\"";
				DEVELOPMENT_TEAM = 4V37SMT4Q2;
				ENABLE_HARDENED_RUNTIME = YES;
				ENABLE_PREVIEWS = YES;
				GENERATE_INFOPLIST_FILE = YES;
				"INFOPLIST_KEY_UIApplicationSceneManifest_Generation[sdk=iphoneos*]" = YES;
				"INFOPLIST_KEY_UIApplicationSceneManifest_Generation[sdk=iphonesimulator*]" = YES;
				"INFOPLIST_KEY_UIApplicationSupportsIndirectInputEvents[sdk=iphoneos*]" = YES;
				"INFOPLIST_KEY_UIApplicationSupportsIndirectInputEvents[sdk=iphonesimulator*]" = YES;
				"INFOPLIST_KEY_UILaunchScreen_Generation[sdk=iphoneos*]" = YES;
				"INFOPLIST_KEY_UILaunchScreen_Generation[sdk=iphonesimulator*]" = YES;
				"INFOPLIST_KEY_UIStatusBarStyle[sdk=iphoneos*]" = UIStatusBarStyleDefault;
				"INFOPLIST_KEY_UIStatusBarStyle[sdk=iphonesimulator*]" = UIStatusBarStyleDefault;
				INFOPLIST_KEY_UISupportedInterfaceOrientations_iPad = "UIInterfaceOrientationPortrait UIInterfaceOrientationPortraitUpsideDown UIInterfaceOrientationLandscapeLeft UIInterfaceOrientationLandscapeRight";
				INFOPLIST_KEY_UISupportedInterfaceOrientations_iPhone = "UIInterfaceOrientationPortrait UIInterfaceOrientationLandscapeLeft UIInterfaceOrientationLandscapeRight";
				IPHONEOS_DEPLOYMENT_TARGET = 16.0;
				LD_RUNPATH_SEARCH_PATHS = "@executable_path/Frameworks";
				"LD_RUNPATH_SEARCH_PATHS[sdk=macosx*]" = "@executable_path/../Frameworks";
				MACOSX_DEPLOYMENT_TARGET = 12.3;
				MARKETING_VERSION = 1.0;
				PRODUCT_BUNDLE_IDENTIFIER = Ha.BlogApp;
				PRODUCT_NAME = "$(TARGET_NAME)";
				SDKROOT = auto;
				SUPPORTED_PLATFORMS = "iphoneos iphonesimulator macosx";
				SWIFT_EMIT_LOC_STRINGS = YES;
				SWIFT_VERSION = 5.0;
				TARGETED_DEVICE_FAMILY = "1,2";
			};
			name = Debug;
		};
		43BFAEE228F8548800C0CC14 /* Release */ = {
			isa = XCBuildConfiguration;
			buildSettings = {
				ASSETCATALOG_COMPILER_APPICON_NAME = AppIcon;
				ASSETCATALOG_COMPILER_GLOBAL_ACCENT_COLOR_NAME = AccentColor;
				CODE_SIGN_ENTITLEMENTS = BlogApp/BlogApp.entitlements;
				CODE_SIGN_STYLE = Automatic;
				CURRENT_PROJECT_VERSION = 1;
				DEVELOPMENT_ASSET_PATHS = "\"BlogApp/Preview Content\"";
				DEVELOPMENT_TEAM = 4V37SMT4Q2;
				ENABLE_HARDENED_RUNTIME = YES;
				ENABLE_PREVIEWS = YES;
				GENERATE_INFOPLIST_FILE = YES;
				"INFOPLIST_KEY_UIApplicationSceneManifest_Generation[sdk=iphoneos*]" = YES;
				"INFOPLIST_KEY_UIApplicationSceneManifest_Generation[sdk=iphonesimulator*]" = YES;
				"INFOPLIST_KEY_UIApplicationSupportsIndirectInputEvents[sdk=iphoneos*]" = YES;
				"INFOPLIST_KEY_UIApplicationSupportsIndirectInputEvents[sdk=iphonesimulator*]" = YES;
				"INFOPLIST_KEY_UILaunchScreen_Generation[sdk=iphoneos*]" = YES;
				"INFOPLIST_KEY_UILaunchScreen_Generation[sdk=iphonesimulator*]" = YES;
				"INFOPLIST_KEY_UIStatusBarStyle[sdk=iphoneos*]" = UIStatusBarStyleDefault;
				"INFOPLIST_KEY_UIStatusBarStyle[sdk=iphonesimulator*]" = UIStatusBarStyleDefault;
				INFOPLIST_KEY_UISupportedInterfaceOrientations_iPad = "UIInterfaceOrientationPortrait UIInterfaceOrientationPortraitUpsideDown UIInterfaceOrientationLandscapeLeft UIInterfaceOrientationLandscapeRight";
				INFOPLIST_KEY_UISupportedInterfaceOrientations_iPhone = "UIInterfaceOrientationPortrait UIInterfaceOrientationLandscapeLeft UIInterfaceOrientationLandscapeRight";
				IPHONEOS_DEPLOYMENT_TARGET = 16.0;
				LD_RUNPATH_SEARCH_PATHS = "@executable_path/Frameworks";
				"LD_RUNPATH_SEARCH_PATHS[sdk=macosx*]" = "@executable_path/../Frameworks";
				MACOSX_DEPLOYMENT_TARGET = 12.3;
				MARKETING_VERSION = 1.0;
				PRODUCT_BUNDLE_IDENTIFIER = Ha.BlogApp;
				PRODUCT_NAME = "$(TARGET_NAME)";
				SDKROOT = auto;
				SUPPORTED_PLATFORMS = "iphoneos iphonesimulator macosx";
				SWIFT_EMIT_LOC_STRINGS = YES;
				SWIFT_VERSION = 5.0;
				TARGETED_DEVICE_FAMILY = "1,2";
			};
			name = Release;
		};
		43BFAEE428F8548800C0CC14 /* Debug */ = {
			isa = XCBuildConfiguration;
			buildSettings = {
				ALWAYS_EMBED_SWIFT_STANDARD_LIBRARIES = YES;
				BUNDLE_LOADER = "$(TEST_HOST)";
				CODE_SIGN_STYLE = Automatic;
				CURRENT_PROJECT_VERSION = 1;
				DEVELOPMENT_TEAM = 4V37SMT4Q2;
				GENERATE_INFOPLIST_FILE = YES;
				IPHONEOS_DEPLOYMENT_TARGET = 16.0;
				MACOSX_DEPLOYMENT_TARGET = 12.3;
				MARKETING_VERSION = 1.0;
				PRODUCT_BUNDLE_IDENTIFIER = Ha.BlogAppTests;
				PRODUCT_NAME = "$(TARGET_NAME)";
				SDKROOT = auto;
				SUPPORTED_PLATFORMS = "iphoneos iphonesimulator macosx";
				SWIFT_EMIT_LOC_STRINGS = NO;
				SWIFT_VERSION = 5.0;
				TARGETED_DEVICE_FAMILY = "1,2";
				TEST_HOST = "$(BUILT_PRODUCTS_DIR)/BlogApp.app/$(BUNDLE_EXECUTABLE_FOLDER_PATH)/BlogApp";
			};
			name = Debug;
		};
		43BFAEE528F8548800C0CC14 /* Release */ = {
			isa = XCBuildConfiguration;
			buildSettings = {
				ALWAYS_EMBED_SWIFT_STANDARD_LIBRARIES = YES;
				BUNDLE_LOADER = "$(TEST_HOST)";
				CODE_SIGN_STYLE = Automatic;
				CURRENT_PROJECT_VERSION = 1;
				DEVELOPMENT_TEAM = 4V37SMT4Q2;
				GENERATE_INFOPLIST_FILE = YES;
				IPHONEOS_DEPLOYMENT_TARGET = 16.0;
				MACOSX_DEPLOYMENT_TARGET = 12.3;
				MARKETING_VERSION = 1.0;
				PRODUCT_BUNDLE_IDENTIFIER = Ha.BlogAppTests;
				PRODUCT_NAME = "$(TARGET_NAME)";
				SDKROOT = auto;
				SUPPORTED_PLATFORMS = "iphoneos iphonesimulator macosx";
				SWIFT_EMIT_LOC_STRINGS = NO;
				SWIFT_VERSION = 5.0;
				TARGETED_DEVICE_FAMILY = "1,2";
				TEST_HOST = "$(BUILT_PRODUCTS_DIR)/BlogApp.app/$(BUNDLE_EXECUTABLE_FOLDER_PATH)/BlogApp";
			};
			name = Release;
		};
		43BFAEE728F8548800C0CC14 /* Debug */ = {
			isa = XCBuildConfiguration;
			buildSettings = {
				ALWAYS_EMBED_SWIFT_STANDARD_LIBRARIES = YES;
				CODE_SIGN_STYLE = Automatic;
				CURRENT_PROJECT_VERSION = 1;
				DEVELOPMENT_TEAM = 4V37SMT4Q2;
				GENERATE_INFOPLIST_FILE = YES;
				IPHONEOS_DEPLOYMENT_TARGET = 16.0;
				MACOSX_DEPLOYMENT_TARGET = 12.3;
				MARKETING_VERSION = 1.0;
				PRODUCT_BUNDLE_IDENTIFIER = Ha.BlogAppUITests;
				PRODUCT_NAME = "$(TARGET_NAME)";
				SDKROOT = auto;
				SUPPORTED_PLATFORMS = "iphoneos iphonesimulator macosx";
				SWIFT_EMIT_LOC_STRINGS = NO;
				SWIFT_VERSION = 5.0;
				TARGETED_DEVICE_FAMILY = "1,2";
				TEST_TARGET_NAME = BlogApp;
			};
			name = Debug;
		};
		43BFAEE828F8548800C0CC14 /* Release */ = {
			isa = XCBuildConfiguration;
			buildSettings = {
				ALWAYS_EMBED_SWIFT_STANDARD_LIBRARIES = YES;
				CODE_SIGN_STYLE = Automatic;
				CURRENT_PROJECT_VERSION = 1;
				DEVELOPMENT_TEAM = 4V37SMT4Q2;
				GENERATE_INFOPLIST_FILE = YES;
				IPHONEOS_DEPLOYMENT_TARGET = 16.0;
				MACOSX_DEPLOYMENT_TARGET = 12.3;
				MARKETING_VERSION = 1.0;
				PRODUCT_BUNDLE_IDENTIFIER = Ha.BlogAppUITests;
				PRODUCT_NAME = "$(TARGET_NAME)";
				SDKROOT = auto;
				SUPPORTED_PLATFORMS = "iphoneos iphonesimulator macosx";
				SWIFT_EMIT_LOC_STRINGS = NO;
				SWIFT_VERSION = 5.0;
				TARGETED_DEVICE_FAMILY = "1,2";
				TEST_TARGET_NAME = BlogApp;
			};
			name = Release;
		};
/* End XCBuildConfiguration section */

/* Begin XCConfigurationList section */
		43BFAEB628F8548500C0CC14 /* Build configuration list for PBXProject "BlogApp" */ = {
			isa = XCConfigurationList;
			buildConfigurations = (
				43BFAEDE28F8548800C0CC14 /* Debug */,
				43BFAEDF28F8548800C0CC14 /* Release */,
			);
			defaultConfigurationIsVisible = 0;
			defaultConfigurationName = Release;
		};
		43BFAEE028F8548800C0CC14 /* Build configuration list for PBXNativeTarget "BlogApp" */ = {
			isa = XCConfigurationList;
			buildConfigurations = (
				43BFAEE128F8548800C0CC14 /* Debug */,
				43BFAEE228F8548800C0CC14 /* Release */,
			);
			defaultConfigurationIsVisible = 0;
			defaultConfigurationName = Release;
		};
		43BFAEE328F8548800C0CC14 /* Build configuration list for PBXNativeTarget "BlogAppTests" */ = {
			isa = XCConfigurationList;
			buildConfigurations = (
				43BFAEE428F8548800C0CC14 /* Debug */,
				43BFAEE528F8548800C0CC14 /* Release */,
			);
			defaultConfigurationIsVisible = 0;
			defaultConfigurationName = Release;
		};
		43BFAEE628F8548800C0CC14 /* Build configuration list for PBXNativeTarget "BlogAppUITests" */ = {
			isa = XCConfigurationList;
			buildConfigurations = (
				43BFAEE728F8548800C0CC14 /* Debug */,
				43BFAEE828F8548800C0CC14 /* Release */,
			);
			defaultConfigurationIsVisible = 0;
			defaultConfigurationName = Release;
		};
/* End XCConfigurationList section */
	};
	rootObject = 43BFAEB328F8548500C0CC14 /* Project object */;
}
